PODS:
  - AppleGenericKeychain (4.0)

DEPENDENCIES:
  - AppleGenericKeychain (from `../`)

EXTERNAL SOURCES:
  AppleGenericKeychain:
    :path: "../"

SPEC CHECKSUMS:
  AppleGenericKeychain: 205b1b8543ad8ff986c9977b208eabd2b77ec56d

PODFILE CHECKSUM: 90f4819025ff24c0ec0a9aba853247121baf73fb

COCOAPODS: 1.2.0
